// !$*UTF8*$!
{
	archiveVersion = 1;
	classes = {
	};
	objectVersion = 56;
	objects = {

/* Begin PBXBuildFile section */
		F055FF172B1230710079BEE0 /* AppDelegate.swift in Sources */ = {isa = PBXBuildFile; fileRef = F055FF162B1230710079BEE0 /* AppDelegate.swift */; };
		F055FF192B1230710079BEE0 /* SceneDelegate.swift in Sources */ = {isa = PBXBuildFile; fileRef = F055FF182B1230710079BEE0 /* SceneDelegate.swift */; };
		F055FF202B1230770079BEE0 /* Assets.xcassets in Resources */ = {isa = PBXBuildFile; fileRef = F055FF1F2B1230770079BEE0 /* Assets.xcassets */; };
		F055FF232B1230770079BEE0 /* LaunchScreen.storyboard in Resources */ = {isa = PBXBuildFile; fileRef = F055FF212B1230770079BEE0 /* LaunchScreen.storyboard */; };
		F055FF2C2B1231AD0079BEE0 /* MainViewController.swift in Sources */ = {isa = PBXBuildFile; fileRef = F055FF2B2B1231AD0079BEE0 /* MainViewController.swift */; };
		F055FF2F2B12323C0079BEE0 /* WebService.swift in Sources */ = {isa = PBXBuildFile; fileRef = F055FF2E2B12323C0079BEE0 /* WebService.swift */; };
		F055FF322B1232840079BEE0 /* Route.swift in Sources */ = {isa = PBXBuildFile; fileRef = F055FF312B1232840079BEE0 /* Route.swift */; };
		F055FF342B1232990079BEE0 /* Method.swift in Sources */ = {isa = PBXBuildFile; fileRef = F055FF332B1232990079BEE0 /* Method.swift */; };
		F055FF362B1232AA0079BEE0 /* AppError.swift in Sources */ = {isa = PBXBuildFile; fileRef = F055FF352B1232AA0079BEE0 /* AppError.swift */; };
		F055FF382B1232BA0079BEE0 /* Constant.swift in Sources */ = {isa = PBXBuildFile; fileRef = F055FF372B1232BA0079BEE0 /* Constant.swift */; };
		F055FF3C2B1233190079BEE0 /* WeatherResponse.swift in Sources */ = {isa = PBXBuildFile; fileRef = F055FF3B2B1233190079BEE0 /* WeatherResponse.swift */; };
		F055FF3E2B12332A0079BEE0 /* City.swift in Sources */ = {isa = PBXBuildFile; fileRef = F055FF3D2B12332A0079BEE0 /* City.swift */; };
		F055FF402B12333D0079BEE0 /* Weather.swift in Sources */ = {isa = PBXBuildFile; fileRef = F055FF3F2B12333D0079BEE0 /* Weather.swift */; };
		F055FF422B1233520079BEE0 /* WeatherDetail.swift in Sources */ = {isa = PBXBuildFile; fileRef = F055FF412B1233520079BEE0 /* WeatherDetail.swift */; };
		F055FF442B12335D0079BEE0 /* WeatherType.swift in Sources */ = {isa = PBXBuildFile; fileRef = F055FF432B12335D0079BEE0 /* WeatherType.swift */; };
		F055FF472B1233840079BEE0 /* NetworkManager.swift in Sources */ = {isa = PBXBuildFile; fileRef = F055FF462B1233840079BEE0 /* NetworkManager.swift */; };
		F055FF4A2B1233DE0079BEE0 /* String + Extension.swift in Sources */ = {isa = PBXBuildFile; fileRef = F055FF492B1233DE0079BEE0 /* String + Extension.swift */; };
		F055FF4C2B1233F00079BEE0 /* Double + Extension.swift in Sources */ = {isa = PBXBuildFile; fileRef = F055FF4B2B1233F00079BEE0 /* Double + Extension.swift */; };
		F055FF4E2B1234060079BEE0 /* UIViewController + Extension.swift in Sources */ = {isa = PBXBuildFile; fileRef = F055FF4D2B1234060079BEE0 /* UIViewController + Extension.swift */; };
		F055FF502B12369F0079BEE0 /* MainView.storyboard in Resources */ = {isa = PBXBuildFile; fileRef = F055FF4F2B12369F0079BEE0 /* MainView.storyboard */; };
		F055FF582B12377A0079BEE0 /* MainContracts.swift in Sources */ = {isa = PBXBuildFile; fileRef = F055FF572B12377A0079BEE0 /* MainContracts.swift */; };
		F055FF5A2B12389A0079BEE0 /* MainPresenter.swift in Sources */ = {isa = PBXBuildFile; fileRef = F055FF592B12389A0079BEE0 /* MainPresenter.swift */; };
		F055FF5C2B1238D30079BEE0 /* MainInteractor.swift in Sources */ = {isa = PBXBuildFile; fileRef = F055FF5B2B1238D30079BEE0 /* MainInteractor.swift */; };
		F055FF602B1239160079BEE0 /* MainRouter.swift in Sources */ = {isa = PBXBuildFile; fileRef = F055FF5F2B1239160079BEE0 /* MainRouter.swift */; };
		F055FF672B1264A60079BEE0 /* UITableView + Extension.swift in Sources */ = {isa = PBXBuildFile; fileRef = F055FF662B1264A60079BEE0 /* UITableView + Extension.swift */; };
		F055FF762B1297730079BEE0 /* WeatherTableViewCell.swift in Sources */ = {isa = PBXBuildFile; fileRef = F055FF742B1297730079BEE0 /* WeatherTableViewCell.swift */; };
		F055FF772B1297730079BEE0 /* WeatherTableViewCell.xib in Resources */ = {isa = PBXBuildFile; fileRef = F055FF752B1297730079BEE0 /* WeatherTableViewCell.xib */; };
		F0A836A22B138BDC001FF939 /* Userdefaults + Extension.swift in Sources */ = {isa = PBXBuildFile; fileRef = F0A836A12B138BDC001FF939 /* Userdefaults + Extension.swift */; };
		F0A836AA2B13C62D001FF939 /* DetailViewController.swift in Sources */ = {isa = PBXBuildFile; fileRef = F0A836A92B13C62D001FF939 /* DetailViewController.swift */; };
		F0A836AC2B13C639001FF939 /* DetailView.storyboard in Resources */ = {isa = PBXBuildFile; fileRef = F0A836AB2B13C639001FF939 /* DetailView.storyboard */; };
		F0A836AE2B13C66E001FF939 /* DetailInteractor.swift in Sources */ = {isa = PBXBuildFile; fileRef = F0A836AD2B13C66E001FF939 /* DetailInteractor.swift */; };
		F0A836B02B13C675001FF939 /* DetailPresenter.swift in Sources */ = {isa = PBXBuildFile; fileRef = F0A836AF2B13C675001FF939 /* DetailPresenter.swift */; };
		F0A836B22B13C67D001FF939 /* DetailRouter.swift in Sources */ = {isa = PBXBuildFile; fileRef = F0A836B12B13C67D001FF939 /* DetailRouter.swift */; };
		F0A836B42B13C68F001FF939 /* DetailContracts.swift in Sources */ = {isa = PBXBuildFile; fileRef = F0A836B32B13C68F001FF939 /* DetailContracts.swift */; };
		F0A836B62B13EADA001FF939 /* Int + Extension.swift in Sources */ = {isa = PBXBuildFile; fileRef = F0A836B52B13EADA001FF939 /* Int + Extension.swift */; };
/* End PBXBuildFile section */

/* Begin PBXFileReference section */
		F055FF132B1230710079BEE0 /* InnovaCase.app */ = {isa = PBXFileReference; explicitFileType = wrapper.application; includeInIndex = 0; path = InnovaCase.app; sourceTree = BUILT_PRODUCTS_DIR; };
		F055FF162B1230710079BEE0 /* AppDelegate.swift */ = {isa = PBXFileReference; lastKnownFileType = sourcecode.swift; path = AppDelegate.swift; sourceTree = "<group>"; };
		F055FF182B1230710079BEE0 /* SceneDelegate.swift */ = {isa = PBXFileReference; lastKnownFileType = sourcecode.swift; path = SceneDelegate.swift; sourceTree = "<group>"; };
		F055FF1F2B1230770079BEE0 /* Assets.xcassets */ = {isa = PBXFileReference; lastKnownFileType = folder.assetcatalog; path = Assets.xcassets; sourceTree = "<group>"; };
		F055FF222B1230770079BEE0 /* Base */ = {isa = PBXFileReference; lastKnownFileType = file.storyboard; name = Base; path = Base.lproj/LaunchScreen.storyboard; sourceTree = "<group>"; };
		F055FF242B1230770079BEE0 /* Info.plist */ = {isa = PBXFileReference; lastKnownFileType = text.plist.xml; path = Info.plist; sourceTree = "<group>"; };
		F055FF2B2B1231AD0079BEE0 /* MainViewController.swift */ = {isa = PBXFileReference; lastKnownFileType = sourcecode.swift; path = MainViewController.swift; sourceTree = "<group>"; };
		F055FF2E2B12323C0079BEE0 /* WebService.swift */ = {isa = PBXFileReference; lastKnownFileType = sourcecode.swift; path = WebService.swift; sourceTree = "<group>"; };
		F055FF312B1232840079BEE0 /* Route.swift */ = {isa = PBXFileReference; lastKnownFileType = sourcecode.swift; path = Route.swift; sourceTree = "<group>"; };
		F055FF332B1232990079BEE0 /* Method.swift */ = {isa = PBXFileReference; lastKnownFileType = sourcecode.swift; path = Method.swift; sourceTree = "<group>"; };
		F055FF352B1232AA0079BEE0 /* AppError.swift */ = {isa = PBXFileReference; lastKnownFileType = sourcecode.swift; path = AppError.swift; sourceTree = "<group>"; };
		F055FF372B1232BA0079BEE0 /* Constant.swift */ = {isa = PBXFileReference; lastKnownFileType = sourcecode.swift; path = Constant.swift; sourceTree = "<group>"; };
		F055FF3B2B1233190079BEE0 /* WeatherResponse.swift */ = {isa = PBXFileReference; lastKnownFileType = sourcecode.swift; path = WeatherResponse.swift; sourceTree = "<group>"; };
		F055FF3D2B12332A0079BEE0 /* City.swift */ = {isa = PBXFileReference; lastKnownFileType = sourcecode.swift; path = City.swift; sourceTree = "<group>"; };
		F055FF3F2B12333D0079BEE0 /* Weather.swift */ = {isa = PBXFileReference; lastKnownFileType = sourcecode.swift; path = Weather.swift; sourceTree = "<group>"; };
		F055FF412B1233520079BEE0 /* WeatherDetail.swift */ = {isa = PBXFileReference; lastKnownFileType = sourcecode.swift; path = WeatherDetail.swift; sourceTree = "<group>"; };
		F055FF432B12335D0079BEE0 /* WeatherType.swift */ = {isa = PBXFileReference; lastKnownFileType = sourcecode.swift; path = WeatherType.swift; sourceTree = "<group>"; };
		F055FF462B1233840079BEE0 /* NetworkManager.swift */ = {isa = PBXFileReference; lastKnownFileType = sourcecode.swift; path = NetworkManager.swift; sourceTree = "<group>"; };
		F055FF492B1233DE0079BEE0 /* String + Extension.swift */ = {isa = PBXFileReference; lastKnownFileType = sourcecode.swift; path = "String + Extension.swift"; sourceTree = "<group>"; };
		F055FF4B2B1233F00079BEE0 /* Double + Extension.swift */ = {isa = PBXFileReference; lastKnownFileType = sourcecode.swift; path = "Double + Extension.swift"; sourceTree = "<group>"; };
		F055FF4D2B1234060079BEE0 /* UIViewController + Extension.swift */ = {isa = PBXFileReference; lastKnownFileType = sourcecode.swift; path = "UIViewController + Extension.swift"; sourceTree = "<group>"; };
		F055FF4F2B12369F0079BEE0 /* MainView.storyboard */ = {isa = PBXFileReference; lastKnownFileType = file.storyboard; path = MainView.storyboard; sourceTree = "<group>"; };
		F055FF572B12377A0079BEE0 /* MainContracts.swift */ = {isa = PBXFileReference; lastKnownFileType = sourcecode.swift; path = MainContracts.swift; sourceTree = "<group>"; };
		F055FF592B12389A0079BEE0 /* MainPresenter.swift */ = {isa = PBXFileReference; lastKnownFileType = sourcecode.swift; path = MainPresenter.swift; sourceTree = "<group>"; };
		F055FF5B2B1238D30079BEE0 /* MainInteractor.swift */ = {isa = PBXFileReference; lastKnownFileType = sourcecode.swift; path = MainInteractor.swift; sourceTree = "<group>"; };
		F055FF5F2B1239160079BEE0 /* MainRouter.swift */ = {isa = PBXFileReference; lastKnownFileType = sourcecode.swift; path = MainRouter.swift; sourceTree = "<group>"; };
		F055FF662B1264A60079BEE0 /* UITableView + Extension.swift */ = {isa = PBXFileReference; lastKnownFileType = sourcecode.swift; path = "UITableView + Extension.swift"; sourceTree = "<group>"; };
		F055FF742B1297730079BEE0 /* WeatherTableViewCell.swift */ = {isa = PBXFileReference; lastKnownFileType = sourcecode.swift; path = WeatherTableViewCell.swift; sourceTree = "<group>"; };
		F055FF752B1297730079BEE0 /* WeatherTableViewCell.xib */ = {isa = PBXFileReference; lastKnownFileType = file.xib; path = WeatherTableViewCell.xib; sourceTree = "<group>"; };
		F0A836A12B138BDC001FF939 /* Userdefaults + Extension.swift */ = {isa = PBXFileReference; lastKnownFileType = sourcecode.swift; path = "Userdefaults + Extension.swift"; sourceTree = "<group>"; };
		F0A836A92B13C62D001FF939 /* DetailViewController.swift */ = {isa = PBXFileReference; lastKnownFileType = sourcecode.swift; path = DetailViewController.swift; sourceTree = "<group>"; };
		F0A836AB2B13C639001FF939 /* DetailView.storyboard */ = {isa = PBXFileReference; lastKnownFileType = file.storyboard; path = DetailView.storyboard; sourceTree = "<group>"; };
		F0A836AD2B13C66E001FF939 /* DetailInteractor.swift */ = {isa = PBXFileReference; lastKnownFileType = sourcecode.swift; path = DetailInteractor.swift; sourceTree = "<group>"; };
		F0A836AF2B13C675001FF939 /* DetailPresenter.swift */ = {isa = PBXFileReference; lastKnownFileType = sourcecode.swift; path = DetailPresenter.swift; sourceTree = "<group>"; };
		F0A836B12B13C67D001FF939 /* DetailRouter.swift */ = {isa = PBXFileReference; lastKnownFileType = sourcecode.swift; path = DetailRouter.swift; sourceTree = "<group>"; };
		F0A836B32B13C68F001FF939 /* DetailContracts.swift */ = {isa = PBXFileReference; lastKnownFileType = sourcecode.swift; path = DetailContracts.swift; sourceTree = "<group>"; };
		F0A836B52B13EADA001FF939 /* Int + Extension.swift */ = {isa = PBXFileReference; lastKnownFileType = sourcecode.swift; path = "Int + Extension.swift"; sourceTree = "<group>"; };
/* End PBXFileReference section */

/* Begin PBXFrameworksBuildPhase section */
		F055FF102B1230710079BEE0 /* Frameworks */ = {
			isa = PBXFrameworksBuildPhase;
			buildActionMask = 2147483647;
			files = (
			);
			runOnlyForDeploymentPostprocessing = 0;
		};
/* End PBXFrameworksBuildPhase section */

/* Begin PBXGroup section */
		F055FF0A2B1230710079BEE0 = {
			isa = PBXGroup;
			children = (
				F055FF152B1230710079BEE0 /* InnovaCase */,
				F055FF142B1230710079BEE0 /* Products */,
			);
			sourceTree = "<group>";
		};
		F055FF142B1230710079BEE0 /* Products */ = {
			isa = PBXGroup;
			children = (
				F055FF132B1230710079BEE0 /* InnovaCase.app */,
			);
			name = Products;
			sourceTree = "<group>";
		};
		F055FF152B1230710079BEE0 /* InnovaCase */ = {
			isa = PBXGroup;
			children = (
				F055FF482B1233B60079BEE0 /* Extension */,
				F055FF452B1233740079BEE0 /* Manager */,
				F055FF392B1232F70079BEE0 /* Model */,
				F055FF302B12327A0079BEE0 /* Helper */,
				F055FF2D2B1232300079BEE0 /* Service */,
				F055FF2A2B1231370079BEE0 /* Screens */,
				F055FF162B1230710079BEE0 /* AppDelegate.swift */,
				F055FF182B1230710079BEE0 /* SceneDelegate.swift */,
				F055FF1F2B1230770079BEE0 /* Assets.xcassets */,
				F055FF212B1230770079BEE0 /* LaunchScreen.storyboard */,
				F055FF242B1230770079BEE0 /* Info.plist */,
			);
			path = InnovaCase;
			sourceTree = "<group>";
		};
		F055FF2A2B1231370079BEE0 /* Screens */ = {
			isa = PBXGroup;
			children = (
				F055FF512B1236DE0079BEE0 /* Main */,
				F0A836A32B13C5C8001FF939 /* Detail */,
			);
			path = Screens;
			sourceTree = "<group>";
		};
		F055FF2D2B1232300079BEE0 /* Service */ = {
			isa = PBXGroup;
			children = (
				F055FF2E2B12323C0079BEE0 /* WebService.swift */,
			);
			path = Service;
			sourceTree = "<group>";
		};
		F055FF302B12327A0079BEE0 /* Helper */ = {
			isa = PBXGroup;
			children = (
				F055FF312B1232840079BEE0 /* Route.swift */,
				F055FF332B1232990079BEE0 /* Method.swift */,
				F055FF352B1232AA0079BEE0 /* AppError.swift */,
				F055FF372B1232BA0079BEE0 /* Constant.swift */,
			);
			path = Helper;
			sourceTree = "<group>";
		};
		F055FF392B1232F70079BEE0 /* Model */ = {
			isa = PBXGroup;
			children = (
				F055FF3A2B12330B0079BEE0 /* Response */,
				F055FF3D2B12332A0079BEE0 /* City.swift */,
				F055FF3F2B12333D0079BEE0 /* Weather.swift */,
				F055FF412B1233520079BEE0 /* WeatherDetail.swift */,
				F055FF432B12335D0079BEE0 /* WeatherType.swift */,
			);
			path = Model;
			sourceTree = "<group>";
		};
		F055FF3A2B12330B0079BEE0 /* Response */ = {
			isa = PBXGroup;
			children = (
				F055FF3B2B1233190079BEE0 /* WeatherResponse.swift */,
			);
			path = Response;
			sourceTree = "<group>";
		};
		F055FF452B1233740079BEE0 /* Manager */ = {
			isa = PBXGroup;
			children = (
				F055FF462B1233840079BEE0 /* NetworkManager.swift */,
			);
			path = Manager;
			sourceTree = "<group>";
		};
		F055FF482B1233B60079BEE0 /* Extension */ = {
			isa = PBXGroup;
			children = (
				F055FF492B1233DE0079BEE0 /* String + Extension.swift */,
				F055FF4B2B1233F00079BEE0 /* Double + Extension.swift */,
				F055FF4D2B1234060079BEE0 /* UIViewController + Extension.swift */,
				F055FF662B1264A60079BEE0 /* UITableView + Extension.swift */,
				F0A836A12B138BDC001FF939 /* Userdefaults + Extension.swift */,
				F0A836B52B13EADA001FF939 /* Int + Extension.swift */,
			);
			path = Extension;
			sourceTree = "<group>";
		};
		F055FF512B1236DE0079BEE0 /* Main */ = {
			isa = PBXGroup;
			children = (
				F055FF612B12631C0079BEE0 /* WeatherTableViewCell */,
				F055FF522B1237070079BEE0 /* View */,
				F055FF542B1237170079BEE0 /* Presenter */,
				F055FF532B1237120079BEE0 /* Interactor */,
				F055FF552B12371E0079BEE0 /* Router */,
				F055FF562B1237270079BEE0 /* Contracts */,
			);
			path = Main;
			sourceTree = "<group>";
		};
		F055FF522B1237070079BEE0 /* View */ = {
			isa = PBXGroup;
			children = (
				F055FF2B2B1231AD0079BEE0 /* MainViewController.swift */,
				F055FF4F2B12369F0079BEE0 /* MainView.storyboard */,
			);
			path = View;
			sourceTree = "<group>";
		};
		F055FF532B1237120079BEE0 /* Interactor */ = {
			isa = PBXGroup;
			children = (
				F055FF5B2B1238D30079BEE0 /* MainInteractor.swift */,
			);
			path = Interactor;
			sourceTree = "<group>";
		};
		F055FF542B1237170079BEE0 /* Presenter */ = {
			isa = PBXGroup;
			children = (
				F055FF592B12389A0079BEE0 /* MainPresenter.swift */,
			);
			path = Presenter;
			sourceTree = "<group>";
		};
		F055FF552B12371E0079BEE0 /* Router */ = {
			isa = PBXGroup;
			children = (
				F055FF5F2B1239160079BEE0 /* MainRouter.swift */,
			);
			path = Router;
			sourceTree = "<group>";
		};
		F055FF562B1237270079BEE0 /* Contracts */ = {
			isa = PBXGroup;
			children = (
				F055FF572B12377A0079BEE0 /* MainContracts.swift */,
			);
			path = Contracts;
			sourceTree = "<group>";
		};
		F055FF612B12631C0079BEE0 /* WeatherTableViewCell */ = {
			isa = PBXGroup;
			children = (
				F055FF742B1297730079BEE0 /* WeatherTableViewCell.swift */,
				F055FF752B1297730079BEE0 /* WeatherTableViewCell.xib */,
			);
			path = WeatherTableViewCell;
			sourceTree = "<group>";
		};
		F0A836A32B13C5C8001FF939 /* Detail */ = {
			isa = PBXGroup;
			children = (
				F0A836A82B13C616001FF939 /* View */,
				F0A836A72B13C60C001FF939 /* Interactor */,
				F0A836A62B13C602001FF939 /* Presenter */,
				F0A836A52B13C5F9001FF939 /* Router */,
				F0A836A42B13C5EF001FF939 /* Contracts */,
			);
			path = Detail;
			sourceTree = "<group>";
		};
		F0A836A42B13C5EF001FF939 /* Contracts */ = {
			isa = PBXGroup;
			children = (
				F0A836B32B13C68F001FF939 /* DetailContracts.swift */,
			);
			path = Contracts;
			sourceTree = "<group>";
		};
		F0A836A52B13C5F9001FF939 /* Router */ = {
			isa = PBXGroup;
			children = (
				F0A836B12B13C67D001FF939 /* DetailRouter.swift */,
			);
			path = Router;
			sourceTree = "<group>";
		};
		F0A836A62B13C602001FF939 /* Presenter */ = {
			isa = PBXGroup;
			children = (
				F0A836AF2B13C675001FF939 /* DetailPresenter.swift */,
			);
			path = Presenter;
			sourceTree = "<group>";
		};
		F0A836A72B13C60C001FF939 /* Interactor */ = {
			isa = PBXGroup;
			children = (
				F0A836AD2B13C66E001FF939 /* DetailInteractor.swift */,
			);
			path = Interactor;
			sourceTree = "<group>";
		};
		F0A836A82B13C616001FF939 /* View */ = {
			isa = PBXGroup;
			children = (
				F0A836A92B13C62D001FF939 /* DetailViewController.swift */,
				F0A836AB2B13C639001FF939 /* DetailView.storyboard */,
			);
			path = View;
			sourceTree = "<group>";
		};
/* End PBXGroup section */

/* Begin PBXNativeTarget section */
		F055FF122B1230710079BEE0 /* InnovaCase */ = {
			isa = PBXNativeTarget;
			buildConfigurationList = F055FF272B1230770079BEE0 /* Build configuration list for PBXNativeTarget "InnovaCase" */;
			buildPhases = (
				F055FF0F2B1230710079BEE0 /* Sources */,
				F055FF102B1230710079BEE0 /* Frameworks */,
				F055FF112B1230710079BEE0 /* Resources */,
			);
			buildRules = (
			);
			dependencies = (
			);
			name = InnovaCase;
			packageProductDependencies = (
			);
			productName = InnovaCase;
			productReference = F055FF132B1230710079BEE0 /* InnovaCase.app */;
			productType = "com.apple.product-type.application";
		};
/* End PBXNativeTarget section */

/* Begin PBXProject section */
		F055FF0B2B1230710079BEE0 /* Project object */ = {
			isa = PBXProject;
			attributes = {
				BuildIndependentTargetsInParallel = 1;
				LastSwiftUpdateCheck = 1420;
				LastUpgradeCheck = 1420;
				TargetAttributes = {
					F055FF122B1230710079BEE0 = {
						CreatedOnToolsVersion = 14.2;
					};
				};
			};
			buildConfigurationList = F055FF0E2B1230710079BEE0 /* Build configuration list for PBXProject "InnovaCase" */;
			compatibilityVersion = "Xcode 14.0";
			developmentRegion = en;
			hasScannedForEncodings = 0;
			knownRegions = (
				en,
				Base,
			);
			mainGroup = F055FF0A2B1230710079BEE0;
			packageReferences = (
			);
			productRefGroup = F055FF142B1230710079BEE0 /* Products */;
			projectDirPath = "";
			projectRoot = "";
			targets = (
				F055FF122B1230710079BEE0 /* InnovaCase */,
			);
		};
/* End PBXProject section */

/* Begin PBXResourcesBuildPhase section */
		F055FF112B1230710079BEE0 /* Resources */ = {
			isa = PBXResourcesBuildPhase;
			buildActionMask = 2147483647;
			files = (
				F055FF772B1297730079BEE0 /* WeatherTableViewCell.xib in Resources */,
				F055FF232B1230770079BEE0 /* LaunchScreen.storyboard in Resources */,
				F055FF502B12369F0079BEE0 /* MainView.storyboard in Resources */,
				F0A836AC2B13C639001FF939 /* DetailView.storyboard in Resources */,
				F055FF202B1230770079BEE0 /* Assets.xcassets in Resources */,
			);
			runOnlyForDeploymentPostprocessing = 0;
		};
/* End PBXResourcesBuildPhase section */

/* Begin PBXSourcesBuildPhase section */
		F055FF0F2B1230710079BEE0 /* Sources */ = {
			isa = PBXSourcesBuildPhase;
			buildActionMask = 2147483647;
			files = (
				F055FF762B1297730079BEE0 /* WeatherTableViewCell.swift in Sources */,
				F055FF672B1264A60079BEE0 /* UITableView + Extension.swift in Sources */,
				F0A836B02B13C675001FF939 /* DetailPresenter.swift in Sources */,
				F0A836AA2B13C62D001FF939 /* DetailViewController.swift in Sources */,
				F055FF582B12377A0079BEE0 /* MainContracts.swift in Sources */,
				F055FF2C2B1231AD0079BEE0 /* MainViewController.swift in Sources */,
				F055FF172B1230710079BEE0 /* AppDelegate.swift in Sources */,
				F0A836B62B13EADA001FF939 /* Int + Extension.swift in Sources */,
				F0A836B22B13C67D001FF939 /* DetailRouter.swift in Sources */,
				F055FF5C2B1238D30079BEE0 /* MainInteractor.swift in Sources */,
				F055FF4A2B1233DE0079BEE0 /* String + Extension.swift in Sources */,
				F055FF342B1232990079BEE0 /* Method.swift in Sources */,
				F0A836A22B138BDC001FF939 /* Userdefaults + Extension.swift in Sources */,
				F055FF402B12333D0079BEE0 /* Weather.swift in Sources */,
				F055FF382B1232BA0079BEE0 /* Constant.swift in Sources */,
				F055FF602B1239160079BEE0 /* MainRouter.swift in Sources */,
				F055FF4C2B1233F00079BEE0 /* Double + Extension.swift in Sources */,
				F055FF5A2B12389A0079BEE0 /* MainPresenter.swift in Sources */,
				F0A836B42B13C68F001FF939 /* DetailContracts.swift in Sources */,
				F055FF2F2B12323C0079BEE0 /* WebService.swift in Sources */,
				F055FF322B1232840079BEE0 /* Route.swift in Sources */,
				F055FF3E2B12332A0079BEE0 /* City.swift in Sources */,
				F055FF192B1230710079BEE0 /* SceneDelegate.swift in Sources */,
				F055FF422B1233520079BEE0 /* WeatherDetail.swift in Sources */,
				F055FF472B1233840079BEE0 /* NetworkManager.swift in Sources */,
				F0A836AE2B13C66E001FF939 /* DetailInteractor.swift in Sources */,
				F055FF442B12335D0079BEE0 /* WeatherType.swift in Sources */,
				F055FF4E2B1234060079BEE0 /* UIViewController + Extension.swift in Sources */,
				F055FF3C2B1233190079BEE0 /* WeatherResponse.swift in Sources */,
				F055FF362B1232AA0079BEE0 /* AppError.swift in Sources */,
			);
			runOnlyForDeploymentPostprocessing = 0;
		};
/* End PBXSourcesBuildPhase section */

/* Begin PBXVariantGroup section */
		F055FF212B1230770079BEE0 /* LaunchScreen.storyboard */ = {
			isa = PBXVariantGroup;
			children = (
				F055FF222B1230770079BEE0 /* Base */,
			);
			name = LaunchScreen.storyboard;
			sourceTree = "<group>";
		};
/* End PBXVariantGroup section */

/* Begin XCBuildConfiguration section */
		F055FF252B1230770079BEE0 /* Debug */ = {
			isa = XCBuildConfiguration;
			buildSettings = {
				ALWAYS_SEARCH_USER_PATHS = NO;
				CLANG_ANALYZER_NONNULL = YES;
				CLANG_ANALYZER_NUMBER_OBJECT_CONVERSION = YES_AGGRESSIVE;
				CLANG_CXX_LANGUAGE_STANDARD = "gnu++20";
				CLANG_ENABLE_MODULES = YES;
				CLANG_ENABLE_OBJC_ARC = YES;
				CLANG_ENABLE_OBJC_WEAK = YES;
				CLANG_WARN_BLOCK_CAPTURE_AUTORELEASING = YES;
				CLANG_WARN_BOOL_CONVERSION = YES;
				CLANG_WARN_COMMA = YES;
				CLANG_WARN_CONSTANT_CONVERSION = YES;
				CLANG_WARN_DEPRECATED_OBJC_IMPLEMENTATIONS = YES;
				CLANG_WARN_DIRECT_OBJC_ISA_USAGE = YES_ERROR;
				CLANG_WARN_DOCUMENTATION_COMMENTS = YES;
				CLANG_WARN_EMPTY_BODY = YES;
				CLANG_WARN_ENUM_CONVERSION = YES;
				CLANG_WARN_INFINITE_RECURSION = YES;
				CLANG_WARN_INT_CONVERSION = YES;
				CLANG_WARN_NON_LITERAL_NULL_CONVERSION = YES;
				CLANG_WARN_OBJC_IMPLICIT_RETAIN_SELF = YES;
				CLANG_WARN_OBJC_LITERAL_CONVERSION = YES;
				CLANG_WARN_OBJC_ROOT_CLASS = YES_ERROR;
				CLANG_WARN_QUOTED_INCLUDE_IN_FRAMEWORK_HEADER = YES;
				CLANG_WARN_RANGE_LOOP_ANALYSIS = YES;
				CLANG_WARN_STRICT_PROTOTYPES = YES;
				CLANG_WARN_SUSPICIOUS_MOVE = YES;
				CLANG_WARN_UNGUARDED_AVAILABILITY = YES_AGGRESSIVE;
				CLANG_WARN_UNREACHABLE_CODE = YES;
				CLANG_WARN__DUPLICATE_METHOD_MATCH = YES;
				COPY_PHASE_STRIP = NO;
				DEBUG_INFORMATION_FORMAT = dwarf;
				ENABLE_STRICT_OBJC_MSGSEND = YES;
				ENABLE_TESTABILITY = YES;
				GCC_C_LANGUAGE_STANDARD = gnu11;
				GCC_DYNAMIC_NO_PIC = NO;
				GCC_NO_COMMON_BLOCKS = YES;
				GCC_OPTIMIZATION_LEVEL = 0;
				GCC_PREPROCESSOR_DEFINITIONS = (
					"DEBUG=1",
					"$(inherited)",
				);
				GCC_WARN_64_TO_32_BIT_CONVERSION = YES;
				GCC_WARN_ABOUT_RETURN_TYPE = YES_ERROR;
				GCC_WARN_UNDECLARED_SELECTOR = YES;
				GCC_WARN_UNINITIALIZED_AUTOS = YES_AGGRESSIVE;
				GCC_WARN_UNUSED_FUNCTION = YES;
				GCC_WARN_UNUSED_VARIABLE = YES;
				IPHONEOS_DEPLOYMENT_TARGET = 16.2;
				MTL_ENABLE_DEBUG_INFO = INCLUDE_SOURCE;
				MTL_FAST_MATH = YES;
				ONLY_ACTIVE_ARCH = YES;
				SDKROOT = iphoneos;
				SWIFT_ACTIVE_COMPILATION_CONDITIONS = DEBUG;
				SWIFT_OPTIMIZATION_LEVEL = "-Onone";
			};
			name = Debug;
		};
		F055FF262B1230770079BEE0 /* Release */ = {
			isa = XCBuildConfiguration;
			buildSettings = {
				ALWAYS_SEARCH_USER_PATHS = NO;
				CLANG_ANALYZER_NONNULL = YES;
				CLANG_ANALYZER_NUMBER_OBJECT_CONVERSION = YES_AGGRESSIVE;
				CLANG_CXX_LANGUAGE_STANDARD = "gnu++20";
				CLANG_ENABLE_MODULES = YES;
				CLANG_ENABLE_OBJC_ARC = YES;
				CLANG_ENABLE_OBJC_WEAK = YES;
				CLANG_WARN_BLOCK_CAPTURE_AUTORELEASING = YES;
				CLANG_WARN_BOOL_CONVERSION = YES;
				CLANG_WARN_COMMA = YES;
				CLANG_WARN_CONSTANT_CONVERSION = YES;
				CLANG_WARN_DEPRECATED_OBJC_IMPLEMENTATIONS = YES;
				CLANG_WARN_DIRECT_OBJC_ISA_USAGE = YES_ERROR;
				CLANG_WARN_DOCUMENTATION_COMMENTS = YES;
				CLANG_WARN_EMPTY_BODY = YES;
				CLANG_WARN_ENUM_CONVERSION = YES;
				CLANG_WARN_INFINITE_RECURSION = YES;
				CLANG_WARN_INT_CONVERSION = YES;
				CLANG_WARN_NON_LITERAL_NULL_CONVERSION = YES;
				CLANG_WARN_OBJC_IMPLICIT_RETAIN_SELF = YES;
				CLANG_WARN_OBJC_LITERAL_CONVERSION = YES;
				CLANG_WARN_OBJC_ROOT_CLASS = YES_ERROR;
				CLANG_WARN_QUOTED_INCLUDE_IN_FRAMEWORK_HEADER = YES;
				CLANG_WARN_RANGE_LOOP_ANALYSIS = YES;
				CLANG_WARN_STRICT_PROTOTYPES = YES;
				CLANG_WARN_SUSPICIOUS_MOVE = YES;
				CLANG_WARN_UNGUARDED_AVAILABILITY = YES_AGGRESSIVE;
				CLANG_WARN_UNREACHABLE_CODE = YES;
				CLANG_WARN__DUPLICATE_METHOD_MATCH = YES;
				COPY_PHASE_STRIP = NO;
				DEBUG_INFORMATION_FORMAT = "dwarf-with-dsym";
				ENABLE_NS_ASSERTIONS = NO;
				ENABLE_STRICT_OBJC_MSGSEND = YES;
				GCC_C_LANGUAGE_STANDARD = gnu11;
				GCC_NO_COMMON_BLOCKS = YES;
				GCC_WARN_64_TO_32_BIT_CONVERSION = YES;
				GCC_WARN_ABOUT_RETURN_TYPE = YES_ERROR;
				GCC_WARN_UNDECLARED_SELECTOR = YES;
				GCC_WARN_UNINITIALIZED_AUTOS = YES_AGGRESSIVE;
				GCC_WARN_UNUSED_FUNCTION = YES;
				GCC_WARN_UNUSED_VARIABLE = YES;
				IPHONEOS_DEPLOYMENT_TARGET = 16.2;
				MTL_ENABLE_DEBUG_INFO = NO;
				MTL_FAST_MATH = YES;
				SDKROOT = iphoneos;
				SWIFT_COMPILATION_MODE = wholemodule;
				SWIFT_OPTIMIZATION_LEVEL = "-O";
				VALIDATE_PRODUCT = YES;
			};
			name = Release;
		};
		F055FF282B1230770079BEE0 /* Debug */ = {
			isa = XCBuildConfiguration;
			buildSettings = {
				ASSETCATALOG_COMPILER_APPICON_NAME = AppIcon;
				ASSETCATALOG_COMPILER_GLOBAL_ACCENT_COLOR_NAME = AccentColor;
				CODE_SIGN_STYLE = Automatic;
				CURRENT_PROJECT_VERSION = 1;
				DEVELOPMENT_TEAM = 7FLPT7M2FL;
				GENERATE_INFOPLIST_FILE = YES;
				INFOPLIST_FILE = InnovaCase/Info.plist;
				INFOPLIST_KEY_UIApplicationSupportsIndirectInputEvents = YES;
				INFOPLIST_KEY_UILaunchStoryboardName = LaunchScreen;
				INFOPLIST_KEY_UISupportedInterfaceOrientations_iPad = "UIInterfaceOrientationPortrait UIInterfaceOrientationPortraitUpsideDown UIInterfaceOrientationLandscapeLeft UIInterfaceOrientationLandscapeRight";
				INFOPLIST_KEY_UISupportedInterfaceOrientations_iPhone = "UIInterfaceOrientationPortrait UIInterfaceOrientationLandscapeLeft UIInterfaceOrientationLandscapeRight";
				LD_RUNPATH_SEARCH_PATHS = (
					"$(inherited)",
					"@executable_path/Frameworks",
				);
				MARKETING_VERSION = 1.0;
				PRODUCT_BUNDLE_IDENTIFIER = mehmetbilir.InnovaCase;
				PRODUCT_NAME = "$(TARGET_NAME)";
				SWIFT_EMIT_LOC_STRINGS = YES;
				SWIFT_VERSION = 5.0;
				TARGETED_DEVICE_FAMILY = "1,2";
			};
			name = Debug;
		};
		F055FF292B1230770079BEE0 /* Release */ = {
			isa = XCBuildConfiguration;
			buildSettings = {
				ASSETCATALOG_COMPILER_APPICON_NAME = AppIcon;
				ASSETCATALOG_COMPILER_GLOBAL_ACCENT_COLOR_NAME = AccentColor;
				CODE_SIGN_STYLE = Automatic;
				CURRENT_PROJECT_VERSION = 1;
				DEVELOPMENT_TEAM = 7FLPT7M2FL;
				GENERATE_INFOPLIST_FILE = YES;
				INFOPLIST_FILE = InnovaCase/Info.plist;
				INFOPLIST_KEY_UIApplicationSupportsIndirectInputEvents = YES;
				INFOPLIST_KEY_UILaunchStoryboardName = LaunchScreen;
				INFOPLIST_KEY_UISupportedInterfaceOrientations_iPad = "UIInterfaceOrientationPortrait UIInterfaceOrientationPortraitUpsideDown UIInterfaceOrientationLandscapeLeft UIInterfaceOrientationLandscapeRight";
				INFOPLIST_KEY_UISupportedInterfaceOrientations_iPhone = "UIInterfaceOrientationPortrait UIInterfaceOrientationLandscapeLeft UIInterfaceOrientationLandscapeRight";
				LD_RUNPATH_SEARCH_PATHS = (
					"$(inherited)",
					"@executable_path/Frameworks",
				);
				MARKETING_VERSION = 1.0;
				PRODUCT_BUNDLE_IDENTIFIER = mehmetbilir.InnovaCase;
				PRODUCT_NAME = "$(TARGET_NAME)";
				SWIFT_EMIT_LOC_STRINGS = YES;
				SWIFT_VERSION = 5.0;
				TARGETED_DEVICE_FAMILY = "1,2";
			};
			name = Release;
		};
/* End XCBuildConfiguration section */

/* Begin XCConfigurationList section */
		F055FF0E2B1230710079BEE0 /* Build configuration list for PBXProject "InnovaCase" */ = {
			isa = XCConfigurationList;
			buildConfigurations = (
				F055FF252B1230770079BEE0 /* Debug */,
				F055FF262B1230770079BEE0 /* Release */,
			);
			defaultConfigurationIsVisible = 0;
			defaultConfigurationName = Release;
		};
		F055FF272B1230770079BEE0 /* Build configuration list for PBXNativeTarget "InnovaCase" */ = {
			isa = XCConfigurationList;
			buildConfigurations = (
				F055FF282B1230770079BEE0 /* Debug */,
				F055FF292B1230770079BEE0 /* Release */,
			);
			defaultConfigurationIsVisible = 0;
			defaultConfigurationName = Release;
		};
/* End XCConfigurationList section */
	};
	rootObject = F055FF0B2B1230710079BEE0 /* Project object */;
}
